
Microsoft Visual Studio Solution File, Format Version 12.00
# Visual Studio 15
Project("{FAE04EC0-301F-11D3-BF4B-00C04F79EFBC}") = "Assembly-CSharp", "Assembly-CSharp.csproj", "{2E5A5B17-52C9-18AD-A901-A488667AB75D}"
EndProject
Project("{FAE04EC0-301F-11D3-BF4B-00C04F79EFBC}") = "Assembly-CSharp-Editor", "Assembly-CSharp-Editor.csproj", "{35894E4E-FFBD-1024-C19F-04E2CCCED44A}"
EndProject
Global
	GlobalSection(SolutionConfigurationPlatforms) = preSolution
		Debug|Any CPU = Debug|Any CPU
		Release|Any CPU = Release|Any CPU
	EndGlobalSection
	GlobalSection(ProjectConfigurationPlatforms) = postSolution
		{2E5A5B17-52C9-18AD-A901-A488667AB75D}.Debug|Any CPU.ActiveCfg = Debug|Any CPU
		{2E5A5B17-52C9-18AD-A901-A488667AB75D}.Debug|Any CPU.Build.0 = Debug|Any CPU
		{2E5A5B17-52C9-18AD-A901-A488667AB75D}.Release|Any CPU.ActiveCfg = Release|Any CPU
		{2E5A5B17-52C9-18AD-A901-A488667AB75D}.Release|Any CPU.Build.0 = Release|Any CPU
		{35894E4E-FFBD-1024-C19F-04E2CCCED44A}.Debug|Any CPU.ActiveCfg = Debug|Any CPU
		{35894E4E-FFBD-1024-C19F-04E2CCCED44A}.Debug|Any CPU.Build.0 = Debug|Any CPU
		{35894E4E-FFBD-1024-C19F-04E2CCCED44A}.Release|Any CPU.ActiveCfg = Release|Any CPU
		{35894E4E-FFBD-1024-C19F-04E2CCCED44A}.Release|Any CPU.Build.0 = Release|Any CPU
	EndGlobalSection
	GlobalSection(SolutionProperties) = preSolution
		HideSolutionNode = FALSE
	EndGlobalSection
EndGlobal
